
Microsoft Visual Studio Solution File, Format Version 12.00
# Visual Studio Version 16
VisualStudioVersion = 16.0.31515.178
MinimumVisualStudioVersion = 10.0.40219.1
Project("{FAE04EC0-301F-11D3-BF4B-00C04F79EFBC}") = "ThePromotionEngine.UI", "ThePromotionEngine\ThePromotionEngine.UI.csproj", "{DDF7CE65-231A-4FE3-B2D3-6BE7AF86B077}"
EndProject
Project("{FAE04EC0-301F-11D3-BF4B-00C04F79EFBC}") = "ThePromotionEngine.Library", "ThePromotionEngine.Library\ThePromotionEngine.Library.csproj", "{4CC712D3-BBF7-4014-A769-BB83C670C782}"
EndProject
Project("{FAE04EC0-301F-11D3-BF4B-00C04F79EFBC}") = "ThePromotionEngine.UnitTests", "ThePromotionEngine.UnitTests\ThePromotionEngine.UnitTests.csproj", "{6C4A7915-4320-4F5F-A878-68ED8E6AF9E2}"
EndProject
Global
	GlobalSection(SolutionConfigurationPlatforms) = preSolution
		Debug|Any CPU = Debug|Any CPU
		Release|Any CPU = Release|Any CPU
	EndGlobalSection
	GlobalSection(ProjectConfigurationPlatforms) = postSolution
		{DDF7CE65-231A-4FE3-B2D3-6BE7AF86B077}.Debug|Any CPU.ActiveCfg = Debug|Any CPU
		{DDF7CE65-231A-4FE3-B2D3-6BE7AF86B077}.Debug|Any CPU.Build.0 = Debug|Any CPU
		{DDF7CE65-231A-4FE3-B2D3-6BE7AF86B077}.Release|Any CPU.ActiveCfg = Release|Any CPU
		{DDF7CE65-231A-4FE3-B2D3-6BE7AF86B077}.Release|Any CPU.Build.0 = Release|Any CPU
		{4CC712D3-BBF7-4014-A769-BB83C670C782}.Debug|Any CPU.ActiveCfg = Debug|Any CPU
		{4CC712D3-BBF7-4014-A769-BB83C670C782}.Debug|Any CPU.Build.0 = Debug|Any CPU
		{4CC712D3-BBF7-4014-A769-BB83C670C782}.Release|Any CPU.ActiveCfg = Release|Any CPU
		{4CC712D3-BBF7-4014-A769-BB83C670C782}.Release|Any CPU.Build.0 = Release|Any CPU
		{6C4A7915-4320-4F5F-A878-68ED8E6AF9E2}.Debug|Any CPU.ActiveCfg = Debug|Any CPU
		{6C4A7915-4320-4F5F-A878-68ED8E6AF9E2}.Debug|Any CPU.Build.0 = Debug|Any CPU
		{6C4A7915-4320-4F5F-A878-68ED8E6AF9E2}.Release|Any CPU.ActiveCfg = Release|Any CPU
		{6C4A7915-4320-4F5F-A878-68ED8E6AF9E2}.Release|Any CPU.Build.0 = Release|Any CPU
	EndGlobalSection
	GlobalSection(SolutionProperties) = preSolution
		HideSolutionNode = FALSE
	EndGlobalSection
	GlobalSection(ExtensibilityGlobals) = postSolution
		SolutionGuid = {887544F5-876F-4AA7-AD48-5186A1C22C36}
	EndGlobalSection
EndGlobal
